Microsoft Visual Studio Solution File, Format Version 12.00
# Visual Studio Version 17
VisualStudioVersion = 17.0.31903.59
MinimumVisualStudioVersion = 10.0.40219.1
Project("{9A19103F-16F7-4668-BE54-9A1E7A4F7556}") = "TPICAP.Matching.Core", "src\TPICAP.Matching.Core\TPICAP.Matching.Core.csproj", "{F9E58146-4A08-43CA-BD20-0A86A688A2F1}"
EndProject
Project("{9A19103F-16F7-4668-BE54-9A1E7A4F7556}") = "TPICAP.Matching.Console", "src\TPICAP.Matching.Console\TPICAP.Matching.Console.csproj", "{7D88630D-C09F-425B-9766-BF3FB9A4C524}"
EndProject
Project("{9A19103F-16F7-4668-BE54-9A1E7A4F7556}") = "TPICAP.Matching.Core.Tests", "tests\TPICAP.Matching.Core.Tests\TPICAP.Matching.Core.Tests.csproj", "{7041D597-7841-4C51-99E5-FAF9EAA944F4}"
EndProject
Global
	GlobalSection(SolutionConfigurationPlatforms) = preSolution
		Debug|Any CPU = Debug|Any CPU
		Release|Any CPU = Release|Any CPU
	EndGlobalSection
	GlobalSection(ProjectConfigurationPlatforms) = postSolution
		{F9E58146-4A08-43CA-BD20-0A86A688A2F1}.Debug|Any CPU.ActiveCfg = Debug|Any CPU
		{F9E58146-4A08-43CA-BD20-0A86A688A2F1}.Debug|Any CPU.Build.0 = Debug|Any CPU
		{F9E58146-4A08-43CA-BD20-0A86A688A2F1}.Release|Any CPU.ActiveCfg = Release|Any CPU
		{F9E58146-4A08-43CA-BD20-0A86A688A2F1}.Release|Any CPU.Build.0 = Release|Any CPU
		{7D88630D-C09F-425B-9766-BF3FB9A4C524}.Debug|Any CPU.ActiveCfg = Debug|Any CPU
		{7D88630D-C09F-425B-9766-BF3FB9A4C524}.Debug|Any CPU.Build.0 = Debug|Any CPU
		{7D88630D-C09F-425B-9766-BF3FB9A4C524}.Release|Any CPU.ActiveCfg = Release|Any CPU
		{7D88630D-C09F-425B-9766-BF3FB9A4C524}.Release|Any CPU.Build.0 = Release|Any CPU
		{7041D597-7841-4C51-99E5-FAF9EAA944F4}.Debug|Any CPU.ActiveCfg = Debug|Any CPU
		{7041D597-7841-4C51-99E5-FAF9EAA944F4}.Debug|Any CPU.Build.0 = Debug|Any CPU
		{7041D597-7841-4C51-99E5-FAF9EAA944F4}.Release|Any CPU.ActiveCfg = Release|Any CPU
		{7041D597-7841-4C51-99E5-FAF9EAA944F4}.Release|Any CPU.Build.0 = Release|Any CPU
	EndGlobalSection
	GlobalSection(SolutionProperties) = preSolution
		HideSolutionNode = FALSE
	EndGlobalSection
EndGlobal
